
Microsoft Visual Studio Solution File, Format Version 12.00
Project("{2150E333-8FDC-42A3-9474-1A3956D46DE8}") = "src", "src", "{82034DCD-959F-434D-A4A6-7E771982F117}"
EndProject
Project("{FAE04EC0-301F-11D3-BF4B-00C04F79EFBC}") = "API", "src\API\API.csproj", "{58641E3D-8DE7-4A53-A780-2450A6F9BCAE}"
EndProject
Project("{FAE04EC0-301F-11D3-BF4B-00C04F79EFBC}") = "Application", "src\Application\Application.csproj", "{6F160014-0BDE-4AF8-95D1-CC17F36B30BC}"
EndProject
Project("{FAE04EC0-301F-11D3-BF4B-00C04F79EFBC}") = "Domain", "src\Domain\Domain.csproj", "{5F58F815-8151-48AC-90AC-C6A7B0A56E63}"
EndProject
Project("{FAE04EC0-301F-11D3-BF4B-00C04F79EFBC}") = "Infrastructure", "src\Infrastructure\Infrastructure.csproj", "{8EDD84EB-FBA9-45D6-8271-C97D05551B4F}"
EndProject
Global
	GlobalSection(SolutionConfigurationPlatforms) = preSolution
		Debug|Any CPU = Debug|Any CPU
		Release|Any CPU = Release|Any CPU
	EndGlobalSection
	GlobalSection(NestedProjects) = preSolution
		{58641E3D-8DE7-4A53-A780-2450A6F9BCAE} = {82034DCD-959F-434D-A4A6-7E771982F117}
		{6F160014-0BDE-4AF8-95D1-CC17F36B30BC} = {82034DCD-959F-434D-A4A6-7E771982F117}
		{5F58F815-8151-48AC-90AC-C6A7B0A56E63} = {82034DCD-959F-434D-A4A6-7E771982F117}
		{8EDD84EB-FBA9-45D6-8271-C97D05551B4F} = {82034DCD-959F-434D-A4A6-7E771982F117}
	EndGlobalSection
	GlobalSection(ProjectConfigurationPlatforms) = postSolution
		{58641E3D-8DE7-4A53-A780-2450A6F9BCAE}.Debug|Any CPU.ActiveCfg = Debug|Any CPU
		{58641E3D-8DE7-4A53-A780-2450A6F9BCAE}.Debug|Any CPU.Build.0 = Debug|Any CPU
		{58641E3D-8DE7-4A53-A780-2450A6F9BCAE}.Release|Any CPU.ActiveCfg = Release|Any CPU
		{58641E3D-8DE7-4A53-A780-2450A6F9BCAE}.Release|Any CPU.Build.0 = Release|Any CPU
		{6F160014-0BDE-4AF8-95D1-CC17F36B30BC}.Debug|Any CPU.ActiveCfg = Debug|Any CPU
		{6F160014-0BDE-4AF8-95D1-CC17F36B30BC}.Debug|Any CPU.Build.0 = Debug|Any CPU
		{6F160014-0BDE-4AF8-95D1-CC17F36B30BC}.Release|Any CPU.ActiveCfg = Release|Any CPU
		{6F160014-0BDE-4AF8-95D1-CC17F36B30BC}.Release|Any CPU.Build.0 = Release|Any CPU
		{5F58F815-8151-48AC-90AC-C6A7B0A56E63}.Debug|Any CPU.ActiveCfg = Debug|Any CPU
		{5F58F815-8151-48AC-90AC-C6A7B0A56E63}.Debug|Any CPU.Build.0 = Debug|Any CPU
		{5F58F815-8151-48AC-90AC-C6A7B0A56E63}.Release|Any CPU.ActiveCfg = Release|Any CPU
		{5F58F815-8151-48AC-90AC-C6A7B0A56E63}.Release|Any CPU.Build.0 = Release|Any CPU
		{8EDD84EB-FBA9-45D6-8271-C97D05551B4F}.Debug|Any CPU.ActiveCfg = Debug|Any CPU
		{8EDD84EB-FBA9-45D6-8271-C97D05551B4F}.Debug|Any CPU.Build.0 = Debug|Any CPU
		{8EDD84EB-FBA9-45D6-8271-C97D05551B4F}.Release|Any CPU.ActiveCfg = Release|Any CPU
		{8EDD84EB-FBA9-45D6-8271-C97D05551B4F}.Release|Any CPU.Build.0 = Release|Any CPU
	EndGlobalSection
EndGlobal
